// !$*UTF8*$!
{
	archiveVersion = 1;
	classes = {
	};
	objectVersion = 56;
	objects = {

/* Begin PBXBuildFile section */
		751255FC291860C600EF9D9A /* Extensions.swift in Sources */ = {isa = PBXBuildFile; fileRef = 751255FB291860C600EF9D9A /* Extensions.swift */; };
		751255FE291880DE00EF9D9A /* SearchResultTableViewCell.swift in Sources */ = {isa = PBXBuildFile; fileRef = 751255FD291880DE00EF9D9A /* SearchResultTableViewCell.swift */; };
		7531890B29198CA8000F96EA /* SearchResponse.swift in Sources */ = {isa = PBXBuildFile; fileRef = 7531890A29198CA8000F96EA /* SearchResponse.swift */; };
		753D7D78291EE2CC00889F1D /* SDWebImage in Frameworks */ = {isa = PBXBuildFile; productRef = 753D7D77291EE2CC00889F1D /* SDWebImage */; };
		75835206291BF63E00F7DD05 /* NewsHeaderView.swift in Sources */ = {isa = PBXBuildFile; fileRef = 75835205291BF63E00F7DD05 /* NewsHeaderView.swift */; };
		75835208291C62C300F7DD05 /* NewsStory.swift in Sources */ = {isa = PBXBuildFile; fileRef = 75835207291C62C300F7DD05 /* NewsStory.swift */; };
		75AB2C862916E43700EA8CE1 /* AppDelegate.swift in Sources */ = {isa = PBXBuildFile; fileRef = 75AB2C852916E43700EA8CE1 /* AppDelegate.swift */; };
		75AB2C882916E43700EA8CE1 /* SceneDelegate.swift in Sources */ = {isa = PBXBuildFile; fileRef = 75AB2C872916E43700EA8CE1 /* SceneDelegate.swift */; };
		75AB2C8A2916E43700EA8CE1 /* WatchListViewController.swift in Sources */ = {isa = PBXBuildFile; fileRef = 75AB2C892916E43700EA8CE1 /* WatchListViewController.swift */; };
		75AB2C8F2916E43A00EA8CE1 /* Assets.xcassets in Resources */ = {isa = PBXBuildFile; fileRef = 75AB2C8E2916E43A00EA8CE1 /* Assets.xcassets */; };
		75AB2C922916E43A00EA8CE1 /* LaunchScreen.storyboard in Resources */ = {isa = PBXBuildFile; fileRef = 75AB2C902916E43A00EA8CE1 /* LaunchScreen.storyboard */; };
		75AB2C9F2916E84800EA8CE1 /* NewsViewController.swift in Sources */ = {isa = PBXBuildFile; fileRef = 75AB2C9E2916E84800EA8CE1 /* NewsViewController.swift */; };
		75AB2CA12916E87600EA8CE1 /* SearchResultsViewController.swift in Sources */ = {isa = PBXBuildFile; fileRef = 75AB2CA02916E87600EA8CE1 /* SearchResultsViewController.swift */; };
		75AB2CA32916E8A900EA8CE1 /* StockDetailsViewController.swift in Sources */ = {isa = PBXBuildFile; fileRef = 75AB2CA22916E8A900EA8CE1 /* StockDetailsViewController.swift */; };
		75AB2CA52917214000EA8CE1 /* APICaller.swift in Sources */ = {isa = PBXBuildFile; fileRef = 75AB2CA42917214000EA8CE1 /* APICaller.swift */; };
		75AB2CA72917216A00EA8CE1 /* PersistenceManager.swift in Sources */ = {isa = PBXBuildFile; fileRef = 75AB2CA62917216A00EA8CE1 /* PersistenceManager.swift */; };
		75AB2CA92917219B00EA8CE1 /* HapticsManager.swift in Sources */ = {isa = PBXBuildFile; fileRef = 75AB2CA82917219B00EA8CE1 /* HapticsManager.swift */; };
		75C3B0D3291DD16A000D309C /* NewsStoryTableViewCell.swift in Sources */ = {isa = PBXBuildFile; fileRef = 75C3B0D2291DD16A000D309C /* NewsStoryTableViewCell.swift */; };
		75CFD878291ACF5F00E4006D /* PanelViewController.swift in Sources */ = {isa = PBXBuildFile; fileRef = 75CFD877291ACF5F00E4006D /* PanelViewController.swift */; };
		75CFD87B291B084800E4006D /* FloatingPanel in Frameworks */ = {isa = PBXBuildFile; productRef = 75CFD87A291B084800E4006D /* FloatingPanel */; };
		75E516DD2921BCF7008177CD /* WatchListTableViewCell.swift in Sources */ = {isa = PBXBuildFile; fileRef = 75E516DC2921BCF7008177CD /* WatchListTableViewCell.swift */; };
		75E516DF2921C992008177CD /* StockChartView.swift in Sources */ = {isa = PBXBuildFile; fileRef = 75E516DE2921C992008177CD /* StockChartView.swift */; };
		75FC7DB3292054A40044AF25 /* MarketDataResponse.swift in Sources */ = {isa = PBXBuildFile; fileRef = 75FC7DB2292054A40044AF25 /* MarketDataResponse.swift */; };
/* End PBXBuildFile section */

/* Begin PBXFileReference section */
		751255FB291860C600EF9D9A /* Extensions.swift */ = {isa = PBXFileReference; lastKnownFileType = sourcecode.swift; path = Extensions.swift; sourceTree = "<group>"; };
		751255FD291880DE00EF9D9A /* SearchResultTableViewCell.swift */ = {isa = PBXFileReference; lastKnownFileType = sourcecode.swift; path = SearchResultTableViewCell.swift; sourceTree = "<group>"; };
		7531890A29198CA8000F96EA /* SearchResponse.swift */ = {isa = PBXFileReference; lastKnownFileType = sourcecode.swift; path = SearchResponse.swift; sourceTree = "<group>"; };
		75835205291BF63E00F7DD05 /* NewsHeaderView.swift */ = {isa = PBXFileReference; lastKnownFileType = sourcecode.swift; path = NewsHeaderView.swift; sourceTree = "<group>"; };
		75835207291C62C300F7DD05 /* NewsStory.swift */ = {isa = PBXFileReference; lastKnownFileType = sourcecode.swift; path = NewsStory.swift; sourceTree = "<group>"; };
		75AB2C822916E43700EA8CE1 /* Stocks.app */ = {isa = PBXFileReference; explicitFileType = wrapper.application; includeInIndex = 0; path = Stocks.app; sourceTree = BUILT_PRODUCTS_DIR; };
		75AB2C852916E43700EA8CE1 /* AppDelegate.swift */ = {isa = PBXFileReference; lastKnownFileType = sourcecode.swift; path = AppDelegate.swift; sourceTree = "<group>"; };
		75AB2C872916E43700EA8CE1 /* SceneDelegate.swift */ = {isa = PBXFileReference; lastKnownFileType = sourcecode.swift; path = SceneDelegate.swift; sourceTree = "<group>"; };
		75AB2C892916E43700EA8CE1 /* WatchListViewController.swift */ = {isa = PBXFileReference; lastKnownFileType = sourcecode.swift; path = WatchListViewController.swift; sourceTree = "<group>"; };
		75AB2C8E2916E43A00EA8CE1 /* Assets.xcassets */ = {isa = PBXFileReference; lastKnownFileType = folder.assetcatalog; path = Assets.xcassets; sourceTree = "<group>"; };
		75AB2C912916E43A00EA8CE1 /* Base */ = {isa = PBXFileReference; lastKnownFileType = file.storyboard; name = Base; path = Base.lproj/LaunchScreen.storyboard; sourceTree = "<group>"; };
		75AB2C932916E43A00EA8CE1 /* Info.plist */ = {isa = PBXFileReference; lastKnownFileType = text.plist.xml; path = Info.plist; sourceTree = "<group>"; };
		75AB2C9E2916E84800EA8CE1 /* NewsViewController.swift */ = {isa = PBXFileReference; lastKnownFileType = sourcecode.swift; path = NewsViewController.swift; sourceTree = "<group>"; };
		75AB2CA02916E87600EA8CE1 /* SearchResultsViewController.swift */ = {isa = PBXFileReference; lastKnownFileType = sourcecode.swift; path = SearchResultsViewController.swift; sourceTree = "<group>"; };
		75AB2CA22916E8A900EA8CE1 /* StockDetailsViewController.swift */ = {isa = PBXFileReference; lastKnownFileType = sourcecode.swift; path = StockDetailsViewController.swift; sourceTree = "<group>"; };
		75AB2CA42917214000EA8CE1 /* APICaller.swift */ = {isa = PBXFileReference; lastKnownFileType = sourcecode.swift; path = APICaller.swift; sourceTree = "<group>"; };
		75AB2CA62917216A00EA8CE1 /* PersistenceManager.swift */ = {isa = PBXFileReference; lastKnownFileType = sourcecode.swift; path = PersistenceManager.swift; sourceTree = "<group>"; };
		75AB2CA82917219B00EA8CE1 /* HapticsManager.swift */ = {isa = PBXFileReference; lastKnownFileType = sourcecode.swift; path = HapticsManager.swift; sourceTree = "<group>"; };
		75C3B0D2291DD16A000D309C /* NewsStoryTableViewCell.swift */ = {isa = PBXFileReference; lastKnownFileType = sourcecode.swift; path = NewsStoryTableViewCell.swift; sourceTree = "<group>"; };
		75CFD877291ACF5F00E4006D /* PanelViewController.swift */ = {isa = PBXFileReference; lastKnownFileType = sourcecode.swift; path = PanelViewController.swift; sourceTree = "<group>"; };
		75E516DC2921BCF7008177CD /* WatchListTableViewCell.swift */ = {isa = PBXFileReference; lastKnownFileType = sourcecode.swift; path = WatchListTableViewCell.swift; sourceTree = "<group>"; };
		75E516DE2921C992008177CD /* StockChartView.swift */ = {isa = PBXFileReference; lastKnownFileType = sourcecode.swift; path = StockChartView.swift; sourceTree = "<group>"; };
		75FC7DB2292054A40044AF25 /* MarketDataResponse.swift */ = {isa = PBXFileReference; lastKnownFileType = sourcecode.swift; path = MarketDataResponse.swift; sourceTree = "<group>"; };
/* End PBXFileReference section */

/* Begin PBXFrameworksBuildPhase section */
		75AB2C7F2916E43700EA8CE1 /* Frameworks */ = {
			isa = PBXFrameworksBuildPhase;
			buildActionMask = 2147483647;
			files = (
				753D7D78291EE2CC00889F1D /* SDWebImage in Frameworks */,
				75CFD87B291B084800E4006D /* FloatingPanel in Frameworks */,
			);
			runOnlyForDeploymentPostprocessing = 0;
		};
/* End PBXFrameworksBuildPhase section */

/* Begin PBXGroup section */
		75AB2C792916E43700EA8CE1 = {
			isa = PBXGroup;
			children = (
				75AB2C842916E43700EA8CE1 /* Stocks */,
				75AB2C832916E43700EA8CE1 /* Products */,
			);
			sourceTree = "<group>";
		};
		75AB2C832916E43700EA8CE1 /* Products */ = {
			isa = PBXGroup;
			children = (
				75AB2C822916E43700EA8CE1 /* Stocks.app */,
			);
			name = Products;
			sourceTree = "<group>";
		};
		75AB2C842916E43700EA8CE1 /* Stocks */ = {
			isa = PBXGroup;
			children = (
				75AB2C992916E6A100EA8CE1 /* Other */,
				75AB2C9A2916E6B300EA8CE1 /* Managers */,
				75AB2C9B2916E6BF00EA8CE1 /* Controllers */,
				75AB2C9C2916E6CE00EA8CE1 /* Views */,
				75AB2C9D2916E6DC00EA8CE1 /* Models */,
				75AB2C932916E43A00EA8CE1 /* Info.plist */,
			);
			path = Stocks;
			sourceTree = "<group>";
		};
		75AB2C992916E6A100EA8CE1 /* Other */ = {
			isa = PBXGroup;
			children = (
				75AB2C8E2916E43A00EA8CE1 /* Assets.xcassets */,
				75AB2C852916E43700EA8CE1 /* AppDelegate.swift */,
				75AB2C872916E43700EA8CE1 /* SceneDelegate.swift */,
				751255FB291860C600EF9D9A /* Extensions.swift */,
			);
			path = Other;
			sourceTree = "<group>";
		};
		75AB2C9A2916E6B300EA8CE1 /* Managers */ = {
			isa = PBXGroup;
			children = (
				75AB2CA42917214000EA8CE1 /* APICaller.swift */,
				75AB2CA62917216A00EA8CE1 /* PersistenceManager.swift */,
				75AB2CA82917219B00EA8CE1 /* HapticsManager.swift */,
			);
			path = Managers;
			sourceTree = "<group>";
		};
		75AB2C9B2916E6BF00EA8CE1 /* Controllers */ = {
			isa = PBXGroup;
			children = (
				75AB2C892916E43700EA8CE1 /* WatchListViewController.swift */,
				75AB2C9E2916E84800EA8CE1 /* NewsViewController.swift */,
				75AB2CA02916E87600EA8CE1 /* SearchResultsViewController.swift */,
				75AB2CA22916E8A900EA8CE1 /* StockDetailsViewController.swift */,
				75CFD877291ACF5F00E4006D /* PanelViewController.swift */,
			);
			path = Controllers;
			sourceTree = "<group>";
		};
		75AB2C9C2916E6CE00EA8CE1 /* Views */ = {
			isa = PBXGroup;
			children = (
				75AB2C902916E43A00EA8CE1 /* LaunchScreen.storyboard */,
				751255FD291880DE00EF9D9A /* SearchResultTableViewCell.swift */,
				75835205291BF63E00F7DD05 /* NewsHeaderView.swift */,
				75C3B0D2291DD16A000D309C /* NewsStoryTableViewCell.swift */,
				75E516DC2921BCF7008177CD /* WatchListTableViewCell.swift */,
				75E516DE2921C992008177CD /* StockChartView.swift */,
			);
			path = Views;
			sourceTree = "<group>";
		};
		75AB2C9D2916E6DC00EA8CE1 /* Models */ = {
			isa = PBXGroup;
			children = (
				7531890A29198CA8000F96EA /* SearchResponse.swift */,
				75835207291C62C300F7DD05 /* NewsStory.swift */,
				75FC7DB2292054A40044AF25 /* MarketDataResponse.swift */,
			);
			path = Models;
			sourceTree = "<group>";
		};
/* End PBXGroup section */

/* Begin PBXNativeTarget section */
		75AB2C812916E43700EA8CE1 /* Stocks */ = {
			isa = PBXNativeTarget;
			buildConfigurationList = 75AB2C962916E43A00EA8CE1 /* Build configuration list for PBXNativeTarget "Stocks" */;
			buildPhases = (
				75AB2C7E2916E43700EA8CE1 /* Sources */,
				75AB2C7F2916E43700EA8CE1 /* Frameworks */,
				75AB2C802916E43700EA8CE1 /* Resources */,
			);
			buildRules = (
			);
			dependencies = (
			);
			name = Stocks;
			packageProductDependencies = (
				75CFD87A291B084800E4006D /* FloatingPanel */,
				753D7D77291EE2CC00889F1D /* SDWebImage */,
			);
			productName = Stocks;
			productReference = 75AB2C822916E43700EA8CE1 /* Stocks.app */;
			productType = "com.apple.product-type.application";
		};
/* End PBXNativeTarget section */

/* Begin PBXProject section */
		75AB2C7A2916E43700EA8CE1 /* Project object */ = {
			isa = PBXProject;
			attributes = {
				BuildIndependentTargetsInParallel = 1;
				LastSwiftUpdateCheck = 1410;
				LastUpgradeCheck = 1410;
				TargetAttributes = {
					75AB2C812916E43700EA8CE1 = {
						CreatedOnToolsVersion = 14.1;
					};
				};
			};
			buildConfigurationList = 75AB2C7D2916E43700EA8CE1 /* Build configuration list for PBXProject "Stocks" */;
			compatibilityVersion = "Xcode 14.0";
			developmentRegion = en;
			hasScannedForEncodings = 0;
			knownRegions = (
				en,
				Base,
			);
			mainGroup = 75AB2C792916E43700EA8CE1;
			packageReferences = (
				75CFD879291B084800E4006D /* XCRemoteSwiftPackageReference "FloatingPanel" */,
				753D7D76291EE2CC00889F1D /* XCRemoteSwiftPackageReference "SDWebImage" */,
			);
			productRefGroup = 75AB2C832916E43700EA8CE1 /* Products */;
			projectDirPath = "";
			projectRoot = "";
			targets = (
				75AB2C812916E43700EA8CE1 /* Stocks */,
			);
		};
/* End PBXProject section */

/* Begin PBXResourcesBuildPhase section */
		75AB2C802916E43700EA8CE1 /* Resources */ = {
			isa = PBXResourcesBuildPhase;
			buildActionMask = 2147483647;
			files = (
				75AB2C922916E43A00EA8CE1 /* LaunchScreen.storyboard in Resources */,
				75AB2C8F2916E43A00EA8CE1 /* Assets.xcassets in Resources */,
			);
			runOnlyForDeploymentPostprocessing = 0;
		};
/* End PBXResourcesBuildPhase section */

/* Begin PBXSourcesBuildPhase section */
		75AB2C7E2916E43700EA8CE1 /* Sources */ = {
			isa = PBXSourcesBuildPhase;
			buildActionMask = 2147483647;
			files = (
				75AB2CA92917219B00EA8CE1 /* HapticsManager.swift in Sources */,
				751255FE291880DE00EF9D9A /* SearchResultTableViewCell.swift in Sources */,
				75AB2CA32916E8A900EA8CE1 /* StockDetailsViewController.swift in Sources */,
				75AB2C8A2916E43700EA8CE1 /* WatchListViewController.swift in Sources */,
				75AB2C9F2916E84800EA8CE1 /* NewsViewController.swift in Sources */,
				75AB2CA72917216A00EA8CE1 /* PersistenceManager.swift in Sources */,
				75835206291BF63E00F7DD05 /* NewsHeaderView.swift in Sources */,
				75835208291C62C300F7DD05 /* NewsStory.swift in Sources */,
				75C3B0D3291DD16A000D309C /* NewsStoryTableViewCell.swift in Sources */,
				75E516DF2921C992008177CD /* StockChartView.swift in Sources */,
				751255FC291860C600EF9D9A /* Extensions.swift in Sources */,
				75AB2CA52917214000EA8CE1 /* APICaller.swift in Sources */,
				7531890B29198CA8000F96EA /* SearchResponse.swift in Sources */,
				75AB2C862916E43700EA8CE1 /* AppDelegate.swift in Sources */,
				75AB2C882916E43700EA8CE1 /* SceneDelegate.swift in Sources */,
				75CFD878291ACF5F00E4006D /* PanelViewController.swift in Sources */,
				75E516DD2921BCF7008177CD /* WatchListTableViewCell.swift in Sources */,
				75FC7DB3292054A40044AF25 /* MarketDataResponse.swift in Sources */,
				75AB2CA12916E87600EA8CE1 /* SearchResultsViewController.swift in Sources */,
			);
			runOnlyForDeploymentPostprocessing = 0;
		};
/* End PBXSourcesBuildPhase section */

/* Begin PBXVariantGroup section */
		75AB2C902916E43A00EA8CE1 /* LaunchScreen.storyboard */ = {
			isa = PBXVariantGroup;
			children = (
				75AB2C912916E43A00EA8CE1 /* Base */,
			);
			name = LaunchScreen.storyboard;
			sourceTree = "<group>";
		};
/* End PBXVariantGroup section */

/* Begin XCBuildConfiguration section */
		75AB2C942916E43A00EA8CE1 /* Debug */ = {
			isa = XCBuildConfiguration;
			buildSettings = {
				ALWAYS_SEARCH_USER_PATHS = NO;
				CLANG_ANALYZER_NONNULL = YES;
				CLANG_ANALYZER_NUMBER_OBJECT_CONVERSION = YES_AGGRESSIVE;
				CLANG_CXX_LANGUAGE_STANDARD = "gnu++20";
				CLANG_ENABLE_MODULES = YES;
				CLANG_ENABLE_OBJC_ARC = YES;
				CLANG_ENABLE_OBJC_WEAK = YES;
				CLANG_WARN_BLOCK_CAPTURE_AUTORELEASING = YES;
				CLANG_WARN_BOOL_CONVERSION = YES;
				CLANG_WARN_COMMA = YES;
				CLANG_WARN_CONSTANT_CONVERSION = YES;
				CLANG_WARN_DEPRECATED_OBJC_IMPLEMENTATIONS = YES;
				CLANG_WARN_DIRECT_OBJC_ISA_USAGE = YES_ERROR;
				CLANG_WARN_DOCUMENTATION_COMMENTS = YES;
				CLANG_WARN_EMPTY_BODY = YES;
				CLANG_WARN_ENUM_CONVERSION = YES;
				CLANG_WARN_INFINITE_RECURSION = YES;
				CLANG_WARN_INT_CONVERSION = YES;
				CLANG_WARN_NON_LITERAL_NULL_CONVERSION = YES;
				CLANG_WARN_OBJC_IMPLICIT_RETAIN_SELF = YES;
				CLANG_WARN_OBJC_LITERAL_CONVERSION = YES;
				CLANG_WARN_OBJC_ROOT_CLASS = YES_ERROR;
				CLANG_WARN_QUOTED_INCLUDE_IN_FRAMEWORK_HEADER = YES;
				CLANG_WARN_RANGE_LOOP_ANALYSIS = YES;
				CLANG_WARN_STRICT_PROTOTYPES = YES;
				CLANG_WARN_SUSPICIOUS_MOVE = YES;
				CLANG_WARN_UNGUARDED_AVAILABILITY = YES_AGGRESSIVE;
				CLANG_WARN_UNREACHABLE_CODE = YES;
				CLANG_WARN__DUPLICATE_METHOD_MATCH = YES;
				COPY_PHASE_STRIP = NO;
				DEBUG_INFORMATION_FORMAT = dwarf;
				ENABLE_STRICT_OBJC_MSGSEND = YES;
				ENABLE_TESTABILITY = YES;
				GCC_C_LANGUAGE_STANDARD = gnu11;
				GCC_DYNAMIC_NO_PIC = NO;
				GCC_NO_COMMON_BLOCKS = YES;
				GCC_OPTIMIZATION_LEVEL = 0;
				GCC_PREPROCESSOR_DEFINITIONS = (
					"DEBUG=1",
					"$(inherited)",
				);
				GCC_WARN_64_TO_32_BIT_CONVERSION = YES;
				GCC_WARN_ABOUT_RETURN_TYPE = YES_ERROR;
				GCC_WARN_UNDECLARED_SELECTOR = YES;
				GCC_WARN_UNINITIALIZED_AUTOS = YES_AGGRESSIVE;
				GCC_WARN_UNUSED_FUNCTION = YES;
				GCC_WARN_UNUSED_VARIABLE = YES;
				IPHONEOS_DEPLOYMENT_TARGET = 16.1;
				MTL_ENABLE_DEBUG_INFO = INCLUDE_SOURCE;
				MTL_FAST_MATH = YES;
				ONLY_ACTIVE_ARCH = YES;
				SDKROOT = iphoneos;
				SWIFT_ACTIVE_COMPILATION_CONDITIONS = DEBUG;
				SWIFT_OPTIMIZATION_LEVEL = "-Onone";
			};
			name = Debug;
		};
		75AB2C952916E43A00EA8CE1 /* Release */ = {
			isa = XCBuildConfiguration;
			buildSettings = {
				ALWAYS_SEARCH_USER_PATHS = NO;
				CLANG_ANALYZER_NONNULL = YES;
				CLANG_ANALYZER_NUMBER_OBJECT_CONVERSION = YES_AGGRESSIVE;
				CLANG_CXX_LANGUAGE_STANDARD = "gnu++20";
				CLANG_ENABLE_MODULES = YES;
				CLANG_ENABLE_OBJC_ARC = YES;
				CLANG_ENABLE_OBJC_WEAK = YES;
				CLANG_WARN_BLOCK_CAPTURE_AUTORELEASING = YES;
				CLANG_WARN_BOOL_CONVERSION = YES;
				CLANG_WARN_COMMA = YES;
				CLANG_WARN_CONSTANT_CONVERSION = YES;
				CLANG_WARN_DEPRECATED_OBJC_IMPLEMENTATIONS = YES;
				CLANG_WARN_DIRECT_OBJC_ISA_USAGE = YES_ERROR;
				CLANG_WARN_DOCUMENTATION_COMMENTS = YES;
				CLANG_WARN_EMPTY_BODY = YES;
				CLANG_WARN_ENUM_CONVERSION = YES;
				CLANG_WARN_INFINITE_RECURSION = YES;
				CLANG_WARN_INT_CONVERSION = YES;
				CLANG_WARN_NON_LITERAL_NULL_CONVERSION = YES;
				CLANG_WARN_OBJC_IMPLICIT_RETAIN_SELF = YES;
				CLANG_WARN_OBJC_LITERAL_CONVERSION = YES;
				CLANG_WARN_OBJC_ROOT_CLASS = YES_ERROR;
				CLANG_WARN_QUOTED_INCLUDE_IN_FRAMEWORK_HEADER = YES;
				CLANG_WARN_RANGE_LOOP_ANALYSIS = YES;
				CLANG_WARN_STRICT_PROTOTYPES = YES;
				CLANG_WARN_SUSPICIOUS_MOVE = YES;
				CLANG_WARN_UNGUARDED_AVAILABILITY = YES_AGGRESSIVE;
				CLANG_WARN_UNREACHABLE_CODE = YES;
				CLANG_WARN__DUPLICATE_METHOD_MATCH = YES;
				COPY_PHASE_STRIP = NO;
				DEBUG_INFORMATION_FORMAT = "dwarf-with-dsym";
				ENABLE_NS_ASSERTIONS = NO;
				ENABLE_STRICT_OBJC_MSGSEND = YES;
				GCC_C_LANGUAGE_STANDARD = gnu11;
				GCC_NO_COMMON_BLOCKS = YES;
				GCC_WARN_64_TO_32_BIT_CONVERSION = YES;
				GCC_WARN_ABOUT_RETURN_TYPE = YES_ERROR;
				GCC_WARN_UNDECLARED_SELECTOR = YES;
				GCC_WARN_UNINITIALIZED_AUTOS = YES_AGGRESSIVE;
				GCC_WARN_UNUSED_FUNCTION = YES;
				GCC_WARN_UNUSED_VARIABLE = YES;
				IPHONEOS_DEPLOYMENT_TARGET = 16.1;
				MTL_ENABLE_DEBUG_INFO = NO;
				MTL_FAST_MATH = YES;
				SDKROOT = iphoneos;
				SWIFT_COMPILATION_MODE = wholemodule;
				SWIFT_OPTIMIZATION_LEVEL = "-O";
				VALIDATE_PRODUCT = YES;
			};
			name = Release;
		};
		75AB2C972916E43A00EA8CE1 /* Debug */ = {
			isa = XCBuildConfiguration;
			buildSettings = {
				ASSETCATALOG_COMPILER_APPICON_NAME = AppIcon;
				ASSETCATALOG_COMPILER_GLOBAL_ACCENT_COLOR_NAME = AccentColor;
				CODE_SIGN_STYLE = Automatic;
				CURRENT_PROJECT_VERSION = 1;
				DEVELOPMENT_TEAM = VM55LWG8PP;
				GENERATE_INFOPLIST_FILE = YES;
				INFOPLIST_FILE = Stocks/Info.plist;
				INFOPLIST_KEY_UIApplicationSupportsIndirectInputEvents = YES;
				INFOPLIST_KEY_UILaunchStoryboardName = LaunchScreen;
				INFOPLIST_KEY_UISupportedInterfaceOrientations = UIInterfaceOrientationPortrait;
				INFOPLIST_KEY_UISupportedInterfaceOrientations_iPad = "UIInterfaceOrientationLandscapeLeft UIInterfaceOrientationLandscapeRight UIInterfaceOrientationPortrait UIInterfaceOrientationPortraitUpsideDown";
				IPHONEOS_DEPLOYMENT_TARGET = 13.0;
				LD_RUNPATH_SEARCH_PATHS = (
					"$(inherited)",
					"@executable_path/Frameworks",
				);
				MARKETING_VERSION = 1.0;
				PRODUCT_BUNDLE_IDENTIFIER = com.elizeurs.Stocks;
				PRODUCT_NAME = "$(TARGET_NAME)";
				SUPPORTED_PLATFORMS = "iphoneos iphonesimulator";
				SUPPORTS_MACCATALYST = NO;
				SUPPORTS_MAC_DESIGNED_FOR_IPHONE_IPAD = NO;
				SWIFT_EMIT_LOC_STRINGS = YES;
				SWIFT_VERSION = 5.0;
				TARGETED_DEVICE_FAMILY = 1;
			};
			name = Debug;
		};
		75AB2C982916E43A00EA8CE1 /* Release */ = {
			isa = XCBuildConfiguration;
			buildSettings = {
				ASSETCATALOG_COMPILER_APPICON_NAME = AppIcon;
				ASSETCATALOG_COMPILER_GLOBAL_ACCENT_COLOR_NAME = AccentColor;
				CODE_SIGN_STYLE = Automatic;
				CURRENT_PROJECT_VERSION = 1;
				DEVELOPMENT_TEAM = VM55LWG8PP;
				GENERATE_INFOPLIST_FILE = YES;
				INFOPLIST_FILE = Stocks/Info.plist;
				INFOPLIST_KEY_UIApplicationSupportsIndirectInputEvents = YES;
				INFOPLIST_KEY_UILaunchStoryboardName = LaunchScreen;
				INFOPLIST_KEY_UISupportedInterfaceOrientations = UIInterfaceOrientationPortrait;
				INFOPLIST_KEY_UISupportedInterfaceOrientations_iPad = "UIInterfaceOrientationLandscapeLeft UIInterfaceOrientationLandscapeRight UIInterfaceOrientationPortrait UIInterfaceOrientationPortraitUpsideDown";
				IPHONEOS_DEPLOYMENT_TARGET = 13.0;
				LD_RUNPATH_SEARCH_PATHS = (
					"$(inherited)",
					"@executable_path/Frameworks",
				);
				MARKETING_VERSION = 1.0;
				PRODUCT_BUNDLE_IDENTIFIER = com.elizeurs.Stocks;
				PRODUCT_NAME = "$(TARGET_NAME)";
				SUPPORTED_PLATFORMS = "iphoneos iphonesimulator";
				SUPPORTS_MACCATALYST = NO;
				SUPPORTS_MAC_DESIGNED_FOR_IPHONE_IPAD = NO;
				SWIFT_EMIT_LOC_STRINGS = YES;
				SWIFT_VERSION = 5.0;
				TARGETED_DEVICE_FAMILY = 1;
			};
			name = Release;
		};
/* End XCBuildConfiguration section */

/* Begin XCConfigurationList section */
		75AB2C7D2916E43700EA8CE1 /* Build configuration list for PBXProject "Stocks" */ = {
			isa = XCConfigurationList;
			buildConfigurations = (
				75AB2C942916E43A00EA8CE1 /* Debug */,
				75AB2C952916E43A00EA8CE1 /* Release */,
			);
			defaultConfigurationIsVisible = 0;
			defaultConfigurationName = Release;
		};
		75AB2C962916E43A00EA8CE1 /* Build configuration list for PBXNativeTarget "Stocks" */ = {
			isa = XCConfigurationList;
			buildConfigurations = (
				75AB2C972916E43A00EA8CE1 /* Debug */,
				75AB2C982916E43A00EA8CE1 /* Release */,
			);
			defaultConfigurationIsVisible = 0;
			defaultConfigurationName = Release;
		};
/* End XCConfigurationList section */

/* Begin XCRemoteSwiftPackageReference section */
		753D7D76291EE2CC00889F1D /* XCRemoteSwiftPackageReference "SDWebImage" */ = {
			isa = XCRemoteSwiftPackageReference;
			repositoryURL = "https://github.com/SDWebImage/SDWebImage";
			requirement = {
				kind = upToNextMajorVersion;
				minimumVersion = 5.0.0;
			};
		};
		75CFD879291B084800E4006D /* XCRemoteSwiftPackageReference "FloatingPanel" */ = {
			isa = XCRemoteSwiftPackageReference;
			repositoryURL = "https://github.com/scenee/FloatingPanel#swift-package-manager";
			requirement = {
				kind = upToNextMajorVersion;
				minimumVersion = 2.0.0;
			};
		};
/* End XCRemoteSwiftPackageReference section */

/* Begin XCSwiftPackageProductDependency section */
		753D7D77291EE2CC00889F1D /* SDWebImage */ = {
			isa = XCSwiftPackageProductDependency;
			package = 753D7D76291EE2CC00889F1D /* XCRemoteSwiftPackageReference "SDWebImage" */;
			productName = SDWebImage;
		};
		75CFD87A291B084800E4006D /* FloatingPanel */ = {
			isa = XCSwiftPackageProductDependency;
			package = 75CFD879291B084800E4006D /* XCRemoteSwiftPackageReference "FloatingPanel" */;
			productName = FloatingPanel;
		};
/* End XCSwiftPackageProductDependency section */
	};
	rootObject = 75AB2C7A2916E43700EA8CE1 /* Project object */;
}
